
Microsoft Visual Studio Solution File, Format Version 12.00
Project("{FAE04EC0-301F-11D3-BF4B-00C04F79EFBC}") = "Year-2020", "Year-2020\Year-2020.csproj", "{827F3C67-8027-4417-B2C3-E8B36E22FA83}"
EndProject
Project("{FAE04EC0-301F-11D3-BF4B-00C04F79EFBC}") = "Middleware", "Middleware\Middleware.csproj", "{409F2078-7036-44D8-BA15-C2B8BF7E5CD5}"
EndProject
Global
	GlobalSection(SolutionConfigurationPlatforms) = preSolution
		Debug|Any CPU = Debug|Any CPU
		Release|Any CPU = Release|Any CPU
	EndGlobalSection
	GlobalSection(ProjectConfigurationPlatforms) = postSolution
		{827F3C67-8027-4417-B2C3-E8B36E22FA83}.Debug|Any CPU.ActiveCfg = Debug|Any CPU
		{827F3C67-8027-4417-B2C3-E8B36E22FA83}.Debug|Any CPU.Build.0 = Debug|Any CPU
		{827F3C67-8027-4417-B2C3-E8B36E22FA83}.Release|Any CPU.ActiveCfg = Release|Any CPU
		{827F3C67-8027-4417-B2C3-E8B36E22FA83}.Release|Any CPU.Build.0 = Release|Any CPU
		{409F2078-7036-44D8-BA15-C2B8BF7E5CD5}.Debug|Any CPU.ActiveCfg = Debug|Any CPU
		{409F2078-7036-44D8-BA15-C2B8BF7E5CD5}.Debug|Any CPU.Build.0 = Debug|Any CPU
		{409F2078-7036-44D8-BA15-C2B8BF7E5CD5}.Release|Any CPU.ActiveCfg = Release|Any CPU
		{409F2078-7036-44D8-BA15-C2B8BF7E5CD5}.Release|Any CPU.Build.0 = Release|Any CPU
	EndGlobalSection
EndGlobal
