
Microsoft Visual Studio Solution File, Format Version 12.00
Project("{FAE04EC0-301F-11D3-BF4B-00C04F79EFBC}") = "year_2020", "year_2020.csproj", "{777649D8-BEF9-4EC9-B965-2EFAEB87A58F}"
EndProject
Global
	GlobalSection(SolutionConfigurationPlatforms) = preSolution
		Debug|Any CPU = Debug|Any CPU
		Release|Any CPU = Release|Any CPU
	EndGlobalSection
	GlobalSection(ProjectConfigurationPlatforms) = postSolution
		{777649D8-BEF9-4EC9-B965-2EFAEB87A58F}.Debug|Any CPU.ActiveCfg = Debug|Any CPU
		{777649D8-BEF9-4EC9-B965-2EFAEB87A58F}.Debug|Any CPU.Build.0 = Debug|Any CPU
		{777649D8-BEF9-4EC9-B965-2EFAEB87A58F}.Release|Any CPU.ActiveCfg = Release|Any CPU
		{777649D8-BEF9-4EC9-B965-2EFAEB87A58F}.Release|Any CPU.Build.0 = Release|Any CPU
	EndGlobalSection
EndGlobal
